
Microsoft Visual Studio Solution File, Format Version 12.00
# Visual Studio Version 17
VisualStudioVersion = 17.3.32929.385
MinimumVisualStudioVersion = 10.0.40219.1
Project("{FAE04EC0-301F-11D3-BF4B-00C04F79EFBC}") = "Controlinventarioissn", "Controlinventarioissn\Controlinventarioissn.csproj", "{57EBD99D-1745-42D4-967E-D0ED5858A42B}"
EndProject
Global
	GlobalSection(SolutionConfigurationPlatforms) = preSolution
		Debug|Any CPU = Debug|Any CPU
		Release|Any CPU = Release|Any CPU
	EndGlobalSection
	GlobalSection(ProjectConfigurationPlatforms) = postSolution
		{57EBD99D-1745-42D4-967E-D0ED5858A42B}.Debug|Any CPU.ActiveCfg = Debug|Any CPU
		{57EBD99D-1745-42D4-967E-D0ED5858A42B}.Debug|Any CPU.Build.0 = Debug|Any CPU
		{57EBD99D-1745-42D4-967E-D0ED5858A42B}.Release|Any CPU.ActiveCfg = Release|Any CPU
		{57EBD99D-1745-42D4-967E-D0ED5858A42B}.Release|Any CPU.Build.0 = Release|Any CPU
	EndGlobalSection
	GlobalSection(SolutionProperties) = preSolution
		HideSolutionNode = FALSE
	EndGlobalSection
	GlobalSection(ExtensibilityGlobals) = postSolution
		SolutionGuid = {CE8F5370-E239-430D-B34D-E66B9BB9739E}
	EndGlobalSection
EndGlobal
